
Microsoft Visual Studio Solution File, Format Version 12.00
# Visual Studio Version 16
VisualStudioVersion = 16.0.31321.278
MinimumVisualStudioVersion = 10.0.40219.1
Project("{FAE04EC0-301F-11D3-BF4B-00C04F79EFBC}") = "ERocks", "ERocks\ERocks.csproj", "{A868722E-D1F4-4F32-B6AD-CFF5AFC10C36}"
EndProject
Global
	GlobalSection(SolutionConfigurationPlatforms) = preSolution
		Debug|Any CPU = Debug|Any CPU
		Release|Any CPU = Release|Any CPU
	EndGlobalSection
	GlobalSection(ProjectConfigurationPlatforms) = postSolution
		{A868722E-D1F4-4F32-B6AD-CFF5AFC10C36}.Debug|Any CPU.ActiveCfg = Debug|Any CPU
		{A868722E-D1F4-4F32-B6AD-CFF5AFC10C36}.Debug|Any CPU.Build.0 = Debug|Any CPU
		{A868722E-D1F4-4F32-B6AD-CFF5AFC10C36}.Release|Any CPU.ActiveCfg = Release|Any CPU
		{A868722E-D1F4-4F32-B6AD-CFF5AFC10C36}.Release|Any CPU.Build.0 = Release|Any CPU
	EndGlobalSection
	GlobalSection(SolutionProperties) = preSolution
		HideSolutionNode = FALSE
	EndGlobalSection
	GlobalSection(ExtensibilityGlobals) = postSolution
		SolutionGuid = {39ED984A-27A0-44F8-978A-72A6BCAD7CA9}
	EndGlobalSection
EndGlobal
